
Microsoft Visual Studio Solution File, Format Version 12.00
# Visual Studio 15
VisualStudioVersion = 15.0.28010.2036
MinimumVisualStudioVersion = 10.0.40219.1
Project("{9A19103F-16F7-4668-BE54-9A1E7A4F7556}") = "ReviewsAsArt", "..\Raa\Raa\ReviewsAsArt.csproj", "{F63A8CF2-D444-4D93-A073-3B7BE4074BDB}"
EndProject
Global
	GlobalSection(SolutionConfigurationPlatforms) = preSolution
		Debug|Any CPU = Debug|Any CPU
		Release|Any CPU = Release|Any CPU
	EndGlobalSection
	GlobalSection(ProjectConfigurationPlatforms) = postSolution
		{F63A8CF2-D444-4D93-A073-3B7BE4074BDB}.Debug|Any CPU.ActiveCfg = Debug|Any CPU
		{F63A8CF2-D444-4D93-A073-3B7BE4074BDB}.Debug|Any CPU.Build.0 = Debug|Any CPU
		{F63A8CF2-D444-4D93-A073-3B7BE4074BDB}.Release|Any CPU.ActiveCfg = Release|Any CPU
		{F63A8CF2-D444-4D93-A073-3B7BE4074BDB}.Release|Any CPU.Build.0 = Release|Any CPU
	EndGlobalSection
	GlobalSection(SolutionProperties) = preSolution
		HideSolutionNode = FALSE
	EndGlobalSection
	GlobalSection(ExtensibilityGlobals) = postSolution
		SolutionGuid = {A38F2CF8-0EEE-4657-AAAB-89DBDC30A16D}
	EndGlobalSection
EndGlobal
